
Microsoft Visual Studio Solution File, Format Version 12.00
# Visual Studio Version 16
VisualStudioVersion = 16.0.29521.150
MinimumVisualStudioVersion = 10.0.40219.1
Project("{9A19103F-16F7-4668-BE54-9A1E7A4F7556}") = "Quarto.Auth.Web", "Quarto.Auth.Web\Quarto.Auth.Web.csproj", "{BFB314CE-A392-45E2-893C-757187EB6C87}"
EndProject
Project("{9A19103F-16F7-4668-BE54-9A1E7A4F7556}") = "Quarto.Auth.Models", "Quarto.Auth.Models\Quarto.Auth.Models.csproj", "{FA039AA7-EEA7-4DB8-BE13-87BA99BE3A2B}"
EndProject
Project("{9A19103F-16F7-4668-BE54-9A1E7A4F7556}") = "Quarto.Auth.EF.StartupEmulator", "Quarto.Auth.EF.StartupEmulator\Quarto.Auth.EF.StartupEmulator.csproj", "{B1DA71FB-C970-4BB8-92CA-B5D287463FA6}"
EndProject
Project("{9A19103F-16F7-4668-BE54-9A1E7A4F7556}") = "Quarto.Auth.EF", "Quarto.Auth.EF\Quarto.Auth.EF.csproj", "{EC699E1A-D816-440E-AE88-F4FED612F2BB}"
EndProject
Project("{FAE04EC0-301F-11D3-BF4B-00C04F79EFBC}") = "Quarto.Auth.Api", "Quarto.Auth.Api\Quarto.Auth.Api.csproj", "{335D7020-7F49-4F25-9CAD-9DCCAB3AB2CA}"
EndProject
Global
	GlobalSection(SolutionConfigurationPlatforms) = preSolution
		Debug|Any CPU = Debug|Any CPU
		Release|Any CPU = Release|Any CPU
	EndGlobalSection
	GlobalSection(ProjectConfigurationPlatforms) = postSolution
		{BFB314CE-A392-45E2-893C-757187EB6C87}.Debug|Any CPU.ActiveCfg = Debug|Any CPU
		{BFB314CE-A392-45E2-893C-757187EB6C87}.Debug|Any CPU.Build.0 = Debug|Any CPU
		{BFB314CE-A392-45E2-893C-757187EB6C87}.Release|Any CPU.ActiveCfg = Release|Any CPU
		{BFB314CE-A392-45E2-893C-757187EB6C87}.Release|Any CPU.Build.0 = Release|Any CPU
		{FA039AA7-EEA7-4DB8-BE13-87BA99BE3A2B}.Debug|Any CPU.ActiveCfg = Debug|Any CPU
		{FA039AA7-EEA7-4DB8-BE13-87BA99BE3A2B}.Debug|Any CPU.Build.0 = Debug|Any CPU
		{FA039AA7-EEA7-4DB8-BE13-87BA99BE3A2B}.Release|Any CPU.ActiveCfg = Release|Any CPU
		{FA039AA7-EEA7-4DB8-BE13-87BA99BE3A2B}.Release|Any CPU.Build.0 = Release|Any CPU
		{B1DA71FB-C970-4BB8-92CA-B5D287463FA6}.Debug|Any CPU.ActiveCfg = Debug|Any CPU
		{B1DA71FB-C970-4BB8-92CA-B5D287463FA6}.Debug|Any CPU.Build.0 = Debug|Any CPU
		{B1DA71FB-C970-4BB8-92CA-B5D287463FA6}.Release|Any CPU.ActiveCfg = Release|Any CPU
		{B1DA71FB-C970-4BB8-92CA-B5D287463FA6}.Release|Any CPU.Build.0 = Release|Any CPU
		{EC699E1A-D816-440E-AE88-F4FED612F2BB}.Debug|Any CPU.ActiveCfg = Debug|Any CPU
		{EC699E1A-D816-440E-AE88-F4FED612F2BB}.Debug|Any CPU.Build.0 = Debug|Any CPU
		{EC699E1A-D816-440E-AE88-F4FED612F2BB}.Release|Any CPU.ActiveCfg = Release|Any CPU
		{EC699E1A-D816-440E-AE88-F4FED612F2BB}.Release|Any CPU.Build.0 = Release|Any CPU
		{335D7020-7F49-4F25-9CAD-9DCCAB3AB2CA}.Debug|Any CPU.ActiveCfg = Debug|Any CPU
		{335D7020-7F49-4F25-9CAD-9DCCAB3AB2CA}.Debug|Any CPU.Build.0 = Debug|Any CPU
		{335D7020-7F49-4F25-9CAD-9DCCAB3AB2CA}.Release|Any CPU.ActiveCfg = Release|Any CPU
		{335D7020-7F49-4F25-9CAD-9DCCAB3AB2CA}.Release|Any CPU.Build.0 = Release|Any CPU
	EndGlobalSection
	GlobalSection(SolutionProperties) = preSolution
		HideSolutionNode = FALSE
	EndGlobalSection
	GlobalSection(ExtensibilityGlobals) = postSolution
		SolutionGuid = {18F37C7E-FDCC-4C74-94FA-2F33C0767676}
	EndGlobalSection
EndGlobal
